
Microsoft Visual Studio Solution File, Format Version 12.00
# Visual Studio 15
VisualStudioVersion = 15.0.27130.2024
MinimumVisualStudioVersion = 10.0.40219.1
Project("{9A19103F-16F7-4668-BE54-9A1E7A4F7556}") = "01.Persons", "01.Persons\01.Persons.csproj", "{54B74324-327B-4F0B-8876-16C530504193}"
EndProject
Project("{9A19103F-16F7-4668-BE54-9A1E7A4F7556}") = "02. Salary", "02. Salary\02. Salary.csproj", "{BD26EBFB-3A16-4068-BAFE-D49CE946150B}"
EndProject
Project("{9A19103F-16F7-4668-BE54-9A1E7A4F7556}") = "03.Validation", "03.Validation\03.Validation.csproj", "{270B172B-96CE-497A-B37D-7335C2D718B5}"
EndProject
Project("{9A19103F-16F7-4668-BE54-9A1E7A4F7556}") = "04.Team", "04.Team\04.Team.csproj", "{19D33D0C-0AD8-4DDB-9FD7-322DDA1C0EDE}"
EndProject
Global
	GlobalSection(SolutionConfigurationPlatforms) = preSolution
		Debug|Any CPU = Debug|Any CPU
		Release|Any CPU = Release|Any CPU
	EndGlobalSection
	GlobalSection(ProjectConfigurationPlatforms) = postSolution
		{54B74324-327B-4F0B-8876-16C530504193}.Debug|Any CPU.ActiveCfg = Debug|Any CPU
		{54B74324-327B-4F0B-8876-16C530504193}.Debug|Any CPU.Build.0 = Debug|Any CPU
		{54B74324-327B-4F0B-8876-16C530504193}.Release|Any CPU.ActiveCfg = Release|Any CPU
		{54B74324-327B-4F0B-8876-16C530504193}.Release|Any CPU.Build.0 = Release|Any CPU
		{BD26EBFB-3A16-4068-BAFE-D49CE946150B}.Debug|Any CPU.ActiveCfg = Debug|Any CPU
		{BD26EBFB-3A16-4068-BAFE-D49CE946150B}.Debug|Any CPU.Build.0 = Debug|Any CPU
		{BD26EBFB-3A16-4068-BAFE-D49CE946150B}.Release|Any CPU.ActiveCfg = Release|Any CPU
		{BD26EBFB-3A16-4068-BAFE-D49CE946150B}.Release|Any CPU.Build.0 = Release|Any CPU
		{270B172B-96CE-497A-B37D-7335C2D718B5}.Debug|Any CPU.ActiveCfg = Debug|Any CPU
		{270B172B-96CE-497A-B37D-7335C2D718B5}.Debug|Any CPU.Build.0 = Debug|Any CPU
		{270B172B-96CE-497A-B37D-7335C2D718B5}.Release|Any CPU.ActiveCfg = Release|Any CPU
		{270B172B-96CE-497A-B37D-7335C2D718B5}.Release|Any CPU.Build.0 = Release|Any CPU
		{19D33D0C-0AD8-4DDB-9FD7-322DDA1C0EDE}.Debug|Any CPU.ActiveCfg = Debug|Any CPU
		{19D33D0C-0AD8-4DDB-9FD7-322DDA1C0EDE}.Debug|Any CPU.Build.0 = Debug|Any CPU
		{19D33D0C-0AD8-4DDB-9FD7-322DDA1C0EDE}.Release|Any CPU.ActiveCfg = Release|Any CPU
		{19D33D0C-0AD8-4DDB-9FD7-322DDA1C0EDE}.Release|Any CPU.Build.0 = Release|Any CPU
	EndGlobalSection
	GlobalSection(SolutionProperties) = preSolution
		HideSolutionNode = FALSE
	EndGlobalSection
	GlobalSection(ExtensibilityGlobals) = postSolution
		SolutionGuid = {EC91A763-A1E5-46E4-9214-2BB373D305FA}
	EndGlobalSection
EndGlobal
