
Microsoft Visual Studio Solution File, Format Version 12.00
# Visual Studio 15
VisualStudioVersion = 15.0.27130.2024
MinimumVisualStudioVersion = 10.0.40219.1
Project("{9A19103F-16F7-4668-BE54-9A1E7A4F7556}") = "01. Bank Account", "01. Bank Account\01. Bank Account.csproj", "{9FF54EAD-96F8-4F45-B5E8-B94099567B01}"
EndProject
Project("{FAE04EC0-301F-11D3-BF4B-00C04F79EFBC}") = "02. Bank Account Methods", "02. Bank Account Methods\02. Bank Account Methods.csproj", "{AF0FE151-C632-45E9-B7D3-1EB955EF7FFB}"
EndProject
Project("{FAE04EC0-301F-11D3-BF4B-00C04F79EFBC}") = "03. Test Client", "03. Test Client\03. Test Client.csproj", "{ED4ECEB2-D507-48AF-9451-37CA5EEC0CB9}"
EndProject
Global
	GlobalSection(SolutionConfigurationPlatforms) = preSolution
		Debug|Any CPU = Debug|Any CPU
		Release|Any CPU = Release|Any CPU
	EndGlobalSection
	GlobalSection(ProjectConfigurationPlatforms) = postSolution
		{9FF54EAD-96F8-4F45-B5E8-B94099567B01}.Debug|Any CPU.ActiveCfg = Debug|Any CPU
		{9FF54EAD-96F8-4F45-B5E8-B94099567B01}.Debug|Any CPU.Build.0 = Debug|Any CPU
		{9FF54EAD-96F8-4F45-B5E8-B94099567B01}.Release|Any CPU.ActiveCfg = Release|Any CPU
		{9FF54EAD-96F8-4F45-B5E8-B94099567B01}.Release|Any CPU.Build.0 = Release|Any CPU
		{AF0FE151-C632-45E9-B7D3-1EB955EF7FFB}.Debug|Any CPU.ActiveCfg = Debug|Any CPU
		{AF0FE151-C632-45E9-B7D3-1EB955EF7FFB}.Debug|Any CPU.Build.0 = Debug|Any CPU
		{AF0FE151-C632-45E9-B7D3-1EB955EF7FFB}.Release|Any CPU.ActiveCfg = Release|Any CPU
		{AF0FE151-C632-45E9-B7D3-1EB955EF7FFB}.Release|Any CPU.Build.0 = Release|Any CPU
		{ED4ECEB2-D507-48AF-9451-37CA5EEC0CB9}.Debug|Any CPU.ActiveCfg = Debug|Any CPU
		{ED4ECEB2-D507-48AF-9451-37CA5EEC0CB9}.Debug|Any CPU.Build.0 = Debug|Any CPU
		{ED4ECEB2-D507-48AF-9451-37CA5EEC0CB9}.Release|Any CPU.ActiveCfg = Release|Any CPU
		{ED4ECEB2-D507-48AF-9451-37CA5EEC0CB9}.Release|Any CPU.Build.0 = Release|Any CPU
	EndGlobalSection
	GlobalSection(SolutionProperties) = preSolution
		HideSolutionNode = FALSE
	EndGlobalSection
	GlobalSection(ExtensibilityGlobals) = postSolution
		SolutionGuid = {E90418F4-2828-45C4-A23D-C9D060DFB543}
	EndGlobalSection
EndGlobal
