
Microsoft Visual Studio Solution File, Format Version 12.00
# Visual Studio 15
VisualStudioVersion = 15.0.27130.2024
MinimumVisualStudioVersion = 10.0.40219.1
Project("{9A19103F-16F7-4668-BE54-9A1E7A4F7556}") = "01.Person", "01.Person\01.Person.csproj", "{7CC4894D-9549-41EB-BEFF-21B12DC7429E}"
EndProject
Project("{9A19103F-16F7-4668-BE54-9A1E7A4F7556}") = "02.BookShop", "02.BookShop\02.BookShop.csproj", "{5164118B-1222-4CF9-B6E6-C7B7ABFD2750}"
EndProject
Project("{9A19103F-16F7-4668-BE54-9A1E7A4F7556}") = "03.Mankind", "03.Mankind\03.Mankind.csproj", "{2C0A8D7A-E614-4541-9B5C-8855751BD98D}"
EndProject
Project("{9A19103F-16F7-4668-BE54-9A1E7A4F7556}") = "04.OnlineRadioDatabase", "04.OnlineRadioDatabase\04.OnlineRadioDatabase.csproj", "{96A31FB0-1DB9-408A-8803-E0DCC200121E}"
EndProject
Project("{FAE04EC0-301F-11D3-BF4B-00C04F79EFBC}") = "05.MordorsCruelPlan", "05.MordorsCruelPlan\05.MordorsCruelPlan.csproj", "{7894B521-E473-484A-AD8A-1A43B5AE56C1}"
EndProject
Global
	GlobalSection(SolutionConfigurationPlatforms) = preSolution
		Debug|Any CPU = Debug|Any CPU
		Release|Any CPU = Release|Any CPU
	EndGlobalSection
	GlobalSection(ProjectConfigurationPlatforms) = postSolution
		{7CC4894D-9549-41EB-BEFF-21B12DC7429E}.Debug|Any CPU.ActiveCfg = Debug|Any CPU
		{7CC4894D-9549-41EB-BEFF-21B12DC7429E}.Debug|Any CPU.Build.0 = Debug|Any CPU
		{7CC4894D-9549-41EB-BEFF-21B12DC7429E}.Release|Any CPU.ActiveCfg = Release|Any CPU
		{7CC4894D-9549-41EB-BEFF-21B12DC7429E}.Release|Any CPU.Build.0 = Release|Any CPU
		{5164118B-1222-4CF9-B6E6-C7B7ABFD2750}.Debug|Any CPU.ActiveCfg = Debug|Any CPU
		{5164118B-1222-4CF9-B6E6-C7B7ABFD2750}.Debug|Any CPU.Build.0 = Debug|Any CPU
		{5164118B-1222-4CF9-B6E6-C7B7ABFD2750}.Release|Any CPU.ActiveCfg = Release|Any CPU
		{5164118B-1222-4CF9-B6E6-C7B7ABFD2750}.Release|Any CPU.Build.0 = Release|Any CPU
		{2C0A8D7A-E614-4541-9B5C-8855751BD98D}.Debug|Any CPU.ActiveCfg = Debug|Any CPU
		{2C0A8D7A-E614-4541-9B5C-8855751BD98D}.Debug|Any CPU.Build.0 = Debug|Any CPU
		{2C0A8D7A-E614-4541-9B5C-8855751BD98D}.Release|Any CPU.ActiveCfg = Release|Any CPU
		{2C0A8D7A-E614-4541-9B5C-8855751BD98D}.Release|Any CPU.Build.0 = Release|Any CPU
		{96A31FB0-1DB9-408A-8803-E0DCC200121E}.Debug|Any CPU.ActiveCfg = Debug|Any CPU
		{96A31FB0-1DB9-408A-8803-E0DCC200121E}.Debug|Any CPU.Build.0 = Debug|Any CPU
		{96A31FB0-1DB9-408A-8803-E0DCC200121E}.Release|Any CPU.ActiveCfg = Release|Any CPU
		{96A31FB0-1DB9-408A-8803-E0DCC200121E}.Release|Any CPU.Build.0 = Release|Any CPU
		{7894B521-E473-484A-AD8A-1A43B5AE56C1}.Debug|Any CPU.ActiveCfg = Debug|Any CPU
		{7894B521-E473-484A-AD8A-1A43B5AE56C1}.Debug|Any CPU.Build.0 = Debug|Any CPU
		{7894B521-E473-484A-AD8A-1A43B5AE56C1}.Release|Any CPU.ActiveCfg = Release|Any CPU
		{7894B521-E473-484A-AD8A-1A43B5AE56C1}.Release|Any CPU.Build.0 = Release|Any CPU
	EndGlobalSection
	GlobalSection(SolutionProperties) = preSolution
		HideSolutionNode = FALSE
	EndGlobalSection
	GlobalSection(ExtensibilityGlobals) = postSolution
		SolutionGuid = {43FF7BC3-FD0D-46FD-9653-4EB47A5F5992}
	EndGlobalSection
EndGlobal
