
Microsoft Visual Studio Solution File, Format Version 12.00
# Visual Studio 15
VisualStudioVersion = 15.0.27130.2024
MinimumVisualStudioVersion = 10.0.40219.1
Project("{9A19103F-16F7-4668-BE54-9A1E7A4F7556}") = "5September2017", "01.Structure\5September2017.csproj", "{ED4946B3-884F-4D72-89E5-97B937DC5F86}"
EndProject
Project("{9A19103F-16F7-4668-BE54-9A1E7A4F7556}") = "12July2017", "12July2017\12July2017.csproj", "{99AF7E1B-5786-4276-8491-DF6675766C7B}"
EndProject
Project("{FAE04EC0-301F-11D3-BF4B-00C04F79EFBC}") = "16July2017", "16July2017\16July2017.csproj", "{5AAB1810-AEFD-4625-B77C-6E807AC1BAC9}"
EndProject
Global
	GlobalSection(SolutionConfigurationPlatforms) = preSolution
		Debug|Any CPU = Debug|Any CPU
		Release|Any CPU = Release|Any CPU
	EndGlobalSection
	GlobalSection(ProjectConfigurationPlatforms) = postSolution
		{ED4946B3-884F-4D72-89E5-97B937DC5F86}.Debug|Any CPU.ActiveCfg = Debug|Any CPU
		{ED4946B3-884F-4D72-89E5-97B937DC5F86}.Debug|Any CPU.Build.0 = Debug|Any CPU
		{ED4946B3-884F-4D72-89E5-97B937DC5F86}.Release|Any CPU.ActiveCfg = Release|Any CPU
		{ED4946B3-884F-4D72-89E5-97B937DC5F86}.Release|Any CPU.Build.0 = Release|Any CPU
		{99AF7E1B-5786-4276-8491-DF6675766C7B}.Debug|Any CPU.ActiveCfg = Debug|Any CPU
		{99AF7E1B-5786-4276-8491-DF6675766C7B}.Debug|Any CPU.Build.0 = Debug|Any CPU
		{99AF7E1B-5786-4276-8491-DF6675766C7B}.Release|Any CPU.ActiveCfg = Release|Any CPU
		{99AF7E1B-5786-4276-8491-DF6675766C7B}.Release|Any CPU.Build.0 = Release|Any CPU
		{5AAB1810-AEFD-4625-B77C-6E807AC1BAC9}.Debug|Any CPU.ActiveCfg = Debug|Any CPU
		{5AAB1810-AEFD-4625-B77C-6E807AC1BAC9}.Debug|Any CPU.Build.0 = Debug|Any CPU
		{5AAB1810-AEFD-4625-B77C-6E807AC1BAC9}.Release|Any CPU.ActiveCfg = Release|Any CPU
		{5AAB1810-AEFD-4625-B77C-6E807AC1BAC9}.Release|Any CPU.Build.0 = Release|Any CPU
	EndGlobalSection
	GlobalSection(SolutionProperties) = preSolution
		HideSolutionNode = FALSE
	EndGlobalSection
	GlobalSection(ExtensibilityGlobals) = postSolution
		SolutionGuid = {C62CD069-2ED5-46E7-866A-75A23AD0F01D}
	EndGlobalSection
EndGlobal
