
Microsoft Visual Studio Solution File, Format Version 12.00
# Visual Studio 15
VisualStudioVersion = 15.0.27130.2024
MinimumVisualStudioVersion = 10.0.40219.1
Project("{FAE04EC0-301F-11D3-BF4B-00C04F79EFBC}") = "01.Vehicles", "01.Vehicles\01.Vehicles.csproj", "{6A3E6CC2-0C3A-4377-B4A3-49E3E4B38C47}"
EndProject
Global
	GlobalSection(SolutionConfigurationPlatforms) = preSolution
		Debug|Any CPU = Debug|Any CPU
		Release|Any CPU = Release|Any CPU
	EndGlobalSection
	GlobalSection(ProjectConfigurationPlatforms) = postSolution
		{6A3E6CC2-0C3A-4377-B4A3-49E3E4B38C47}.Debug|Any CPU.ActiveCfg = Debug|Any CPU
		{6A3E6CC2-0C3A-4377-B4A3-49E3E4B38C47}.Debug|Any CPU.Build.0 = Debug|Any CPU
		{6A3E6CC2-0C3A-4377-B4A3-49E3E4B38C47}.Release|Any CPU.ActiveCfg = Release|Any CPU
		{6A3E6CC2-0C3A-4377-B4A3-49E3E4B38C47}.Release|Any CPU.Build.0 = Release|Any CPU
	EndGlobalSection
	GlobalSection(SolutionProperties) = preSolution
		HideSolutionNode = FALSE
	EndGlobalSection
	GlobalSection(ExtensibilityGlobals) = postSolution
		SolutionGuid = {7C7E6FB6-8E0A-43D4-9C85-D7452E9388E1}
	EndGlobalSection
EndGlobal
